// !$*UTF8*$!
{
	archiveVersion = 1;
	classes = {
	};
	objectVersion = 56;
	objects = {

/* Begin PBXBuildFile section */
		481785B12CB8191E00010429 /* WeatherAndStoriesApp.swift in Sources */ = {isa = PBXBuildFile; fileRef = 481785B02CB8191E00010429 /* WeatherAndStoriesApp.swift */; };
		481785B52CB8191F00010429 /* Assets.xcassets in Resources */ = {isa = PBXBuildFile; fileRef = 481785B42CB8191F00010429 /* Assets.xcassets */; };
		481785B92CB8191F00010429 /* Preview Assets.xcassets in Resources */ = {isa = PBXBuildFile; fileRef = 481785B82CB8191F00010429 /* Preview Assets.xcassets */; };
		481785C32CB8192000010429 /* WeatherAndStoriesTests.swift in Sources */ = {isa = PBXBuildFile; fileRef = 481785C22CB8192000010429 /* WeatherAndStoriesTests.swift */; };
		481785CD2CB8192000010429 /* WeatherAndStoriesUITests.swift in Sources */ = {isa = PBXBuildFile; fileRef = 481785CC2CB8192000010429 /* WeatherAndStoriesUITests.swift */; };
		481785CF2CB8192000010429 /* WeatherAndStoriesUITestsLaunchTests.swift in Sources */ = {isa = PBXBuildFile; fileRef = 481785CE2CB8192000010429 /* WeatherAndStoriesUITestsLaunchTests.swift */; };
		481B3A2F2CB81C34004F030F /* ComposableArchitecture in Frameworks */ = {isa = PBXBuildFile; productRef = 481B3A2E2CB81C34004F030F /* ComposableArchitecture */; };
		481B3A352CB81D62004F030F /* WeatherScreen.swift in Sources */ = {isa = PBXBuildFile; fileRef = 481B3A342CB81D62004F030F /* WeatherScreen.swift */; };
		481B3A372CB81D70004F030F /* StoriesScreen.swift in Sources */ = {isa = PBXBuildFile; fileRef = 481B3A362CB81D70004F030F /* StoriesScreen.swift */; };
		481B3A3B2CB8F039004F030F /* LocationService.swift in Sources */ = {isa = PBXBuildFile; fileRef = 481B3A3A2CB8F039004F030F /* LocationService.swift */; };
		481B3A412CB903D0004F030F /* WeatherService.swift in Sources */ = {isa = PBXBuildFile; fileRef = 481B3A402CB903D0004F030F /* WeatherService.swift */; };
		481B3A452CB95A9F004F030F /* Weather.swift in Sources */ = {isa = PBXBuildFile; fileRef = 481B3A442CB95A9F004F030F /* Weather.swift */; };
		481B3A482CB97640004F030F /* Date+Extensions.swift in Sources */ = {isa = PBXBuildFile; fileRef = 481B3A472CB97640004F030F /* Date+Extensions.swift */; };
		481B3A4B2CBCF87D004F030F /* Story.swift in Sources */ = {isa = PBXBuildFile; fileRef = 481B3A4A2CBCF87D004F030F /* Story.swift */; };
		4872E5DA2CBFB3B4003D8D6D /* StoriesService.swift in Sources */ = {isa = PBXBuildFile; fileRef = 4872E5D92CBFB3B4003D8D6D /* StoriesService.swift */; };
		4872E5DD2CBFE641003D8D6D /* StoryProgressBarView.swift in Sources */ = {isa = PBXBuildFile; fileRef = 4872E5DC2CBFE641003D8D6D /* StoryProgressBarView.swift */; };
/* End PBXBuildFile section */

/* Begin PBXContainerItemProxy section */
		481785BF2CB8192000010429 /* PBXContainerItemProxy */ = {
			isa = PBXContainerItemProxy;
			containerPortal = 481785A52CB8191E00010429 /* Project object */;
			proxyType = 1;
			remoteGlobalIDString = 481785AC2CB8191E00010429;
			remoteInfo = WeatherAndStories;
		};
		481785C92CB8192000010429 /* PBXContainerItemProxy */ = {
			isa = PBXContainerItemProxy;
			containerPortal = 481785A52CB8191E00010429 /* Project object */;
			proxyType = 1;
			remoteGlobalIDString = 481785AC2CB8191E00010429;
			remoteInfo = WeatherAndStories;
		};
/* End PBXContainerItemProxy section */

/* Begin PBXFileReference section */
		481785AD2CB8191E00010429 /* WeatherAndStories.app */ = {isa = PBXFileReference; explicitFileType = wrapper.application; includeInIndex = 0; path = WeatherAndStories.app; sourceTree = BUILT_PRODUCTS_DIR; };
		481785B02CB8191E00010429 /* WeatherAndStoriesApp.swift */ = {isa = PBXFileReference; lastKnownFileType = sourcecode.swift; path = WeatherAndStoriesApp.swift; sourceTree = "<group>"; };
		481785B42CB8191F00010429 /* Assets.xcassets */ = {isa = PBXFileReference; lastKnownFileType = folder.assetcatalog; path = Assets.xcassets; sourceTree = "<group>"; };
		481785B62CB8191F00010429 /* WeatherAndStories.entitlements */ = {isa = PBXFileReference; lastKnownFileType = text.plist.entitlements; path = WeatherAndStories.entitlements; sourceTree = "<group>"; };
		481785B82CB8191F00010429 /* Preview Assets.xcassets */ = {isa = PBXFileReference; lastKnownFileType = folder.assetcatalog; path = "Preview Assets.xcassets"; sourceTree = "<group>"; };
		481785BE2CB8192000010429 /* WeatherAndStoriesTests.xctest */ = {isa = PBXFileReference; explicitFileType = wrapper.cfbundle; includeInIndex = 0; path = WeatherAndStoriesTests.xctest; sourceTree = BUILT_PRODUCTS_DIR; };
		481785C22CB8192000010429 /* WeatherAndStoriesTests.swift */ = {isa = PBXFileReference; lastKnownFileType = sourcecode.swift; path = WeatherAndStoriesTests.swift; sourceTree = "<group>"; };
		481785C82CB8192000010429 /* WeatherAndStoriesUITests.xctest */ = {isa = PBXFileReference; explicitFileType = wrapper.cfbundle; includeInIndex = 0; path = WeatherAndStoriesUITests.xctest; sourceTree = BUILT_PRODUCTS_DIR; };
		481785CC2CB8192000010429 /* WeatherAndStoriesUITests.swift */ = {isa = PBXFileReference; lastKnownFileType = sourcecode.swift; path = WeatherAndStoriesUITests.swift; sourceTree = "<group>"; };
		481785CE2CB8192000010429 /* WeatherAndStoriesUITestsLaunchTests.swift */ = {isa = PBXFileReference; lastKnownFileType = sourcecode.swift; path = WeatherAndStoriesUITestsLaunchTests.swift; sourceTree = "<group>"; };
		481B3A342CB81D62004F030F /* WeatherScreen.swift */ = {isa = PBXFileReference; lastKnownFileType = sourcecode.swift; path = WeatherScreen.swift; sourceTree = "<group>"; };
		481B3A362CB81D70004F030F /* StoriesScreen.swift */ = {isa = PBXFileReference; lastKnownFileType = sourcecode.swift; path = StoriesScreen.swift; sourceTree = "<group>"; };
		481B3A3A2CB8F039004F030F /* LocationService.swift */ = {isa = PBXFileReference; lastKnownFileType = sourcecode.swift; path = LocationService.swift; sourceTree = "<group>"; };
		481B3A402CB903D0004F030F /* WeatherService.swift */ = {isa = PBXFileReference; lastKnownFileType = sourcecode.swift; path = WeatherService.swift; sourceTree = "<group>"; };
		481B3A442CB95A9F004F030F /* Weather.swift */ = {isa = PBXFileReference; lastKnownFileType = sourcecode.swift; path = Weather.swift; sourceTree = "<group>"; };
		481B3A472CB97640004F030F /* Date+Extensions.swift */ = {isa = PBXFileReference; lastKnownFileType = sourcecode.swift; path = "Date+Extensions.swift"; sourceTree = "<group>"; };
		481B3A4A2CBCF87D004F030F /* Story.swift */ = {isa = PBXFileReference; lastKnownFileType = sourcecode.swift; path = Story.swift; sourceTree = "<group>"; };
		4872E5D92CBFB3B4003D8D6D /* StoriesService.swift */ = {isa = PBXFileReference; lastKnownFileType = sourcecode.swift; path = StoriesService.swift; sourceTree = "<group>"; };
		4872E5DC2CBFE641003D8D6D /* StoryProgressBarView.swift */ = {isa = PBXFileReference; lastKnownFileType = sourcecode.swift; path = StoryProgressBarView.swift; sourceTree = "<group>"; };
/* End PBXFileReference section */

/* Begin PBXFrameworksBuildPhase section */
		481785AA2CB8191E00010429 /* Frameworks */ = {
			isa = PBXFrameworksBuildPhase;
			buildActionMask = 2147483647;
			files = (
				481B3A2F2CB81C34004F030F /* ComposableArchitecture in Frameworks */,
			);
			runOnlyForDeploymentPostprocessing = 0;
		};
		481785BB2CB8192000010429 /* Frameworks */ = {
			isa = PBXFrameworksBuildPhase;
			buildActionMask = 2147483647;
			files = (
			);
			runOnlyForDeploymentPostprocessing = 0;
		};
		481785C52CB8192000010429 /* Frameworks */ = {
			isa = PBXFrameworksBuildPhase;
			buildActionMask = 2147483647;
			files = (
			);
			runOnlyForDeploymentPostprocessing = 0;
		};
/* End PBXFrameworksBuildPhase section */

/* Begin PBXGroup section */
		481785A42CB8191E00010429 = {
			isa = PBXGroup;
			children = (
				481785AF2CB8191E00010429 /* WeatherAndStories */,
				481785C12CB8192000010429 /* WeatherAndStoriesTests */,
				481785CB2CB8192000010429 /* WeatherAndStoriesUITests */,
				481785AE2CB8191E00010429 /* Products */,
			);
			sourceTree = "<group>";
		};
		481785AE2CB8191E00010429 /* Products */ = {
			isa = PBXGroup;
			children = (
				481785AD2CB8191E00010429 /* WeatherAndStories.app */,
				481785BE2CB8192000010429 /* WeatherAndStoriesTests.xctest */,
				481785C82CB8192000010429 /* WeatherAndStoriesUITests.xctest */,
			);
			name = Products;
			sourceTree = "<group>";
		};
		481785AF2CB8191E00010429 /* WeatherAndStories */ = {
			isa = PBXGroup;
			children = (
				481B3A462CB9762C004F030F /* Utilities */,
				481B3A392CB8F02D004F030F /* Services */,
				481B3A382CB8255D004F030F /* Features */,
				481785B02CB8191E00010429 /* WeatherAndStoriesApp.swift */,
				481785B42CB8191F00010429 /* Assets.xcassets */,
				481785B62CB8191F00010429 /* WeatherAndStories.entitlements */,
				481785B72CB8191F00010429 /* Preview Content */,
			);
			path = WeatherAndStories;
			sourceTree = "<group>";
		};
		481785B72CB8191F00010429 /* Preview Content */ = {
			isa = PBXGroup;
			children = (
				481785B82CB8191F00010429 /* Preview Assets.xcassets */,
			);
			path = "Preview Content";
			sourceTree = "<group>";
		};
		481785C12CB8192000010429 /* WeatherAndStoriesTests */ = {
			isa = PBXGroup;
			children = (
				481785C22CB8192000010429 /* WeatherAndStoriesTests.swift */,
			);
			path = WeatherAndStoriesTests;
			sourceTree = "<group>";
		};
		481785CB2CB8192000010429 /* WeatherAndStoriesUITests */ = {
			isa = PBXGroup;
			children = (
				481785CC2CB8192000010429 /* WeatherAndStoriesUITests.swift */,
				481785CE2CB8192000010429 /* WeatherAndStoriesUITestsLaunchTests.swift */,
			);
			path = WeatherAndStoriesUITests;
			sourceTree = "<group>";
		};
		481B3A322CB81D4C004F030F /* Weather */ = {
			isa = PBXGroup;
			children = (
				481B3A432CB95A92004F030F /* Model */,
				481B3A342CB81D62004F030F /* WeatherScreen.swift */,
			);
			path = Weather;
			sourceTree = "<group>";
		};
		481B3A332CB81D54004F030F /* Stories */ = {
			isa = PBXGroup;
			children = (
				4872E5DB2CBFE637003D8D6D /* View */,
				481B3A492CBCF874004F030F /* Model */,
				481B3A362CB81D70004F030F /* StoriesScreen.swift */,
			);
			path = Stories;
			sourceTree = "<group>";
		};
		481B3A382CB8255D004F030F /* Features */ = {
			isa = PBXGroup;
			children = (
				481B3A332CB81D54004F030F /* Stories */,
				481B3A322CB81D4C004F030F /* Weather */,
			);
			path = Features;
			sourceTree = "<group>";
		};
		481B3A392CB8F02D004F030F /* Services */ = {
			isa = PBXGroup;
			children = (
				481B3A422CB903D7004F030F /* Weather */,
				481B3A3D2CB8FA7E004F030F /* Location */,
				4872E5D82CBFB38E003D8D6D /* Stories */,
			);
			path = Services;
			sourceTree = "<group>";
		};
		481B3A3D2CB8FA7E004F030F /* Location */ = {
			isa = PBXGroup;
			children = (
				481B3A3A2CB8F039004F030F /* LocationService.swift */,
			);
			path = Location;
			sourceTree = "<group>";
		};
		481B3A422CB903D7004F030F /* Weather */ = {
			isa = PBXGroup;
			children = (
				481B3A402CB903D0004F030F /* WeatherService.swift */,
			);
			path = Weather;
			sourceTree = "<group>";
		};
		481B3A432CB95A92004F030F /* Model */ = {
			isa = PBXGroup;
			children = (
				481B3A442CB95A9F004F030F /* Weather.swift */,
			);
			path = Model;
			sourceTree = "<group>";
		};
		481B3A462CB9762C004F030F /* Utilities */ = {
			isa = PBXGroup;
			children = (
				481B3A472CB97640004F030F /* Date+Extensions.swift */,
			);
			path = Utilities;
			sourceTree = "<group>";
		};
		481B3A492CBCF874004F030F /* Model */ = {
			isa = PBXGroup;
			children = (
				481B3A4A2CBCF87D004F030F /* Story.swift */,
			);
			path = Model;
			sourceTree = "<group>";
		};
		4872E5D82CBFB38E003D8D6D /* Stories */ = {
			isa = PBXGroup;
			children = (
				4872E5D92CBFB3B4003D8D6D /* StoriesService.swift */,
			);
			path = Stories;
			sourceTree = "<group>";
		};
		4872E5DB2CBFE637003D8D6D /* View */ = {
			isa = PBXGroup;
			children = (
				4872E5DC2CBFE641003D8D6D /* StoryProgressBarView.swift */,
			);
			path = View;
			sourceTree = "<group>";
		};
/* End PBXGroup section */

/* Begin PBXNativeTarget section */
		481785AC2CB8191E00010429 /* WeatherAndStories */ = {
			isa = PBXNativeTarget;
			buildConfigurationList = 481785D22CB8192000010429 /* Build configuration list for PBXNativeTarget "WeatherAndStories" */;
			buildPhases = (
				481785A92CB8191E00010429 /* Sources */,
				481785AA2CB8191E00010429 /* Frameworks */,
				481785AB2CB8191E00010429 /* Resources */,
			);
			buildRules = (
			);
			dependencies = (
			);
			name = WeatherAndStories;
			packageProductDependencies = (
				481B3A2E2CB81C34004F030F /* ComposableArchitecture */,
			);
			productName = WeatherAndStories;
			productReference = 481785AD2CB8191E00010429 /* WeatherAndStories.app */;
			productType = "com.apple.product-type.application";
		};
		481785BD2CB8192000010429 /* WeatherAndStoriesTests */ = {
			isa = PBXNativeTarget;
			buildConfigurationList = 481785D52CB8192000010429 /* Build configuration list for PBXNativeTarget "WeatherAndStoriesTests" */;
			buildPhases = (
				481785BA2CB8192000010429 /* Sources */,
				481785BB2CB8192000010429 /* Frameworks */,
				481785BC2CB8192000010429 /* Resources */,
			);
			buildRules = (
			);
			dependencies = (
				481785C02CB8192000010429 /* PBXTargetDependency */,
			);
			name = WeatherAndStoriesTests;
			productName = WeatherAndStoriesTests;
			productReference = 481785BE2CB8192000010429 /* WeatherAndStoriesTests.xctest */;
			productType = "com.apple.product-type.bundle.unit-test";
		};
		481785C72CB8192000010429 /* WeatherAndStoriesUITests */ = {
			isa = PBXNativeTarget;
			buildConfigurationList = 481785D82CB8192000010429 /* Build configuration list for PBXNativeTarget "WeatherAndStoriesUITests" */;
			buildPhases = (
				481785C42CB8192000010429 /* Sources */,
				481785C52CB8192000010429 /* Frameworks */,
				481785C62CB8192000010429 /* Resources */,
			);
			buildRules = (
			);
			dependencies = (
				481785CA2CB8192000010429 /* PBXTargetDependency */,
			);
			name = WeatherAndStoriesUITests;
			productName = WeatherAndStoriesUITests;
			productReference = 481785C82CB8192000010429 /* WeatherAndStoriesUITests.xctest */;
			productType = "com.apple.product-type.bundle.ui-testing";
		};
/* End PBXNativeTarget section */

/* Begin PBXProject section */
		481785A52CB8191E00010429 /* Project object */ = {
			isa = PBXProject;
			attributes = {
				BuildIndependentTargetsInParallel = 1;
				LastSwiftUpdateCheck = 1500;
				LastUpgradeCheck = 1500;
				TargetAttributes = {
					481785AC2CB8191E00010429 = {
						CreatedOnToolsVersion = 15.0.1;
					};
					481785BD2CB8192000010429 = {
						CreatedOnToolsVersion = 15.0.1;
						TestTargetID = 481785AC2CB8191E00010429;
					};
					481785C72CB8192000010429 = {
						CreatedOnToolsVersion = 15.0.1;
						TestTargetID = 481785AC2CB8191E00010429;
					};
				};
			};
			buildConfigurationList = 481785A82CB8191E00010429 /* Build configuration list for PBXProject "WeatherAndStories" */;
			compatibilityVersion = "Xcode 14.0";
			developmentRegion = en;
			hasScannedForEncodings = 0;
			knownRegions = (
				en,
				Base,
			);
			mainGroup = 481785A42CB8191E00010429;
			packageReferences = (
				481B3A2D2CB81C34004F030F /* XCRemoteSwiftPackageReference "swift-composable-architecture" */,
			);
			productRefGroup = 481785AE2CB8191E00010429 /* Products */;
			projectDirPath = "";
			projectRoot = "";
			targets = (
				481785AC2CB8191E00010429 /* WeatherAndStories */,
				481785BD2CB8192000010429 /* WeatherAndStoriesTests */,
				481785C72CB8192000010429 /* WeatherAndStoriesUITests */,
			);
		};
/* End PBXProject section */

/* Begin PBXResourcesBuildPhase section */
		481785AB2CB8191E00010429 /* Resources */ = {
			isa = PBXResourcesBuildPhase;
			buildActionMask = 2147483647;
			files = (
				481785B92CB8191F00010429 /* Preview Assets.xcassets in Resources */,
				481785B52CB8191F00010429 /* Assets.xcassets in Resources */,
			);
			runOnlyForDeploymentPostprocessing = 0;
		};
		481785BC2CB8192000010429 /* Resources */ = {
			isa = PBXResourcesBuildPhase;
			buildActionMask = 2147483647;
			files = (
			);
			runOnlyForDeploymentPostprocessing = 0;
		};
		481785C62CB8192000010429 /* Resources */ = {
			isa = PBXResourcesBuildPhase;
			buildActionMask = 2147483647;
			files = (
			);
			runOnlyForDeploymentPostprocessing = 0;
		};
/* End PBXResourcesBuildPhase section */

/* Begin PBXSourcesBuildPhase section */
		481785A92CB8191E00010429 /* Sources */ = {
			isa = PBXSourcesBuildPhase;
			buildActionMask = 2147483647;
			files = (
				481B3A372CB81D70004F030F /* StoriesScreen.swift in Sources */,
				481B3A352CB81D62004F030F /* WeatherScreen.swift in Sources */,
				481B3A482CB97640004F030F /* Date+Extensions.swift in Sources */,
				481B3A3B2CB8F039004F030F /* LocationService.swift in Sources */,
				481785B12CB8191E00010429 /* WeatherAndStoriesApp.swift in Sources */,
				481B3A452CB95A9F004F030F /* Weather.swift in Sources */,
				4872E5DA2CBFB3B4003D8D6D /* StoriesService.swift in Sources */,
				481B3A412CB903D0004F030F /* WeatherService.swift in Sources */,
				4872E5DD2CBFE641003D8D6D /* StoryProgressBarView.swift in Sources */,
				481B3A4B2CBCF87D004F030F /* Story.swift in Sources */,
			);
			runOnlyForDeploymentPostprocessing = 0;
		};
		481785BA2CB8192000010429 /* Sources */ = {
			isa = PBXSourcesBuildPhase;
			buildActionMask = 2147483647;
			files = (
				481785C32CB8192000010429 /* WeatherAndStoriesTests.swift in Sources */,
			);
			runOnlyForDeploymentPostprocessing = 0;
		};
		481785C42CB8192000010429 /* Sources */ = {
			isa = PBXSourcesBuildPhase;
			buildActionMask = 2147483647;
			files = (
				481785CD2CB8192000010429 /* WeatherAndStoriesUITests.swift in Sources */,
				481785CF2CB8192000010429 /* WeatherAndStoriesUITestsLaunchTests.swift in Sources */,
			);
			runOnlyForDeploymentPostprocessing = 0;
		};
/* End PBXSourcesBuildPhase section */

/* Begin PBXTargetDependency section */
		481785C02CB8192000010429 /* PBXTargetDependency */ = {
			isa = PBXTargetDependency;
			target = 481785AC2CB8191E00010429 /* WeatherAndStories */;
			targetProxy = 481785BF2CB8192000010429 /* PBXContainerItemProxy */;
		};
		481785CA2CB8192000010429 /* PBXTargetDependency */ = {
			isa = PBXTargetDependency;
			target = 481785AC2CB8191E00010429 /* WeatherAndStories */;
			targetProxy = 481785C92CB8192000010429 /* PBXContainerItemProxy */;
		};
/* End PBXTargetDependency section */

/* Begin XCBuildConfiguration section */
		481785D02CB8192000010429 /* Debug */ = {
			isa = XCBuildConfiguration;
			buildSettings = {
				ALWAYS_SEARCH_USER_PATHS = NO;
				ASSETCATALOG_COMPILER_GENERATE_SWIFT_ASSET_SYMBOL_EXTENSIONS = YES;
				CLANG_ANALYZER_NONNULL = YES;
				CLANG_ANALYZER_NUMBER_OBJECT_CONVERSION = YES_AGGRESSIVE;
				CLANG_CXX_LANGUAGE_STANDARD = "gnu++20";
				CLANG_ENABLE_MODULES = YES;
				CLANG_ENABLE_OBJC_ARC = YES;
				CLANG_ENABLE_OBJC_WEAK = YES;
				CLANG_WARN_BLOCK_CAPTURE_AUTORELEASING = YES;
				CLANG_WARN_BOOL_CONVERSION = YES;
				CLANG_WARN_COMMA = YES;
				CLANG_WARN_CONSTANT_CONVERSION = YES;
				CLANG_WARN_DEPRECATED_OBJC_IMPLEMENTATIONS = YES;
				CLANG_WARN_DIRECT_OBJC_ISA_USAGE = YES_ERROR;
				CLANG_WARN_DOCUMENTATION_COMMENTS = YES;
				CLANG_WARN_EMPTY_BODY = YES;
				CLANG_WARN_ENUM_CONVERSION = YES;
				CLANG_WARN_INFINITE_RECURSION = YES;
				CLANG_WARN_INT_CONVERSION = YES;
				CLANG_WARN_NON_LITERAL_NULL_CONVERSION = YES;
				CLANG_WARN_OBJC_IMPLICIT_RETAIN_SELF = YES;
				CLANG_WARN_OBJC_LITERAL_CONVERSION = YES;
				CLANG_WARN_OBJC_ROOT_CLASS = YES_ERROR;
				CLANG_WARN_QUOTED_INCLUDE_IN_FRAMEWORK_HEADER = YES;
				CLANG_WARN_RANGE_LOOP_ANALYSIS = YES;
				CLANG_WARN_STRICT_PROTOTYPES = YES;
				CLANG_WARN_SUSPICIOUS_MOVE = YES;
				CLANG_WARN_UNGUARDED_AVAILABILITY = YES_AGGRESSIVE;
				CLANG_WARN_UNREACHABLE_CODE = YES;
				CLANG_WARN__DUPLICATE_METHOD_MATCH = YES;
				COPY_PHASE_STRIP = NO;
				DEBUG_INFORMATION_FORMAT = dwarf;
				ENABLE_STRICT_OBJC_MSGSEND = YES;
				ENABLE_TESTABILITY = YES;
				ENABLE_USER_SCRIPT_SANDBOXING = YES;
				GCC_C_LANGUAGE_STANDARD = gnu17;
				GCC_DYNAMIC_NO_PIC = NO;
				GCC_NO_COMMON_BLOCKS = YES;
				GCC_OPTIMIZATION_LEVEL = 0;
				GCC_PREPROCESSOR_DEFINITIONS = (
					"DEBUG=1",
					"$(inherited)",
				);
				GCC_WARN_64_TO_32_BIT_CONVERSION = YES;
				GCC_WARN_ABOUT_RETURN_TYPE = YES_ERROR;
				GCC_WARN_UNDECLARED_SELECTOR = YES;
				GCC_WARN_UNINITIALIZED_AUTOS = YES_AGGRESSIVE;
				GCC_WARN_UNUSED_FUNCTION = YES;
				GCC_WARN_UNUSED_VARIABLE = YES;
				LOCALIZATION_PREFERS_STRING_CATALOGS = YES;
				MTL_ENABLE_DEBUG_INFO = INCLUDE_SOURCE;
				MTL_FAST_MATH = YES;
				ONLY_ACTIVE_ARCH = YES;
				SWIFT_ACTIVE_COMPILATION_CONDITIONS = "DEBUG $(inherited)";
				SWIFT_OPTIMIZATION_LEVEL = "-Onone";
			};
			name = Debug;
		};
		481785D12CB8192000010429 /* Release */ = {
			isa = XCBuildConfiguration;
			buildSettings = {
				ALWAYS_SEARCH_USER_PATHS = NO;
				ASSETCATALOG_COMPILER_GENERATE_SWIFT_ASSET_SYMBOL_EXTENSIONS = YES;
				CLANG_ANALYZER_NONNULL = YES;
				CLANG_ANALYZER_NUMBER_OBJECT_CONVERSION = YES_AGGRESSIVE;
				CLANG_CXX_LANGUAGE_STANDARD = "gnu++20";
				CLANG_ENABLE_MODULES = YES;
				CLANG_ENABLE_OBJC_ARC = YES;
				CLANG_ENABLE_OBJC_WEAK = YES;
				CLANG_WARN_BLOCK_CAPTURE_AUTORELEASING = YES;
				CLANG_WARN_BOOL_CONVERSION = YES;
				CLANG_WARN_COMMA = YES;
				CLANG_WARN_CONSTANT_CONVERSION = YES;
				CLANG_WARN_DEPRECATED_OBJC_IMPLEMENTATIONS = YES;
				CLANG_WARN_DIRECT_OBJC_ISA_USAGE = YES_ERROR;
				CLANG_WARN_DOCUMENTATION_COMMENTS = YES;
				CLANG_WARN_EMPTY_BODY = YES;
				CLANG_WARN_ENUM_CONVERSION = YES;
				CLANG_WARN_INFINITE_RECURSION = YES;
				CLANG_WARN_INT_CONVERSION = YES;
				CLANG_WARN_NON_LITERAL_NULL_CONVERSION = YES;
				CLANG_WARN_OBJC_IMPLICIT_RETAIN_SELF = YES;
				CLANG_WARN_OBJC_LITERAL_CONVERSION = YES;
				CLANG_WARN_OBJC_ROOT_CLASS = YES_ERROR;
				CLANG_WARN_QUOTED_INCLUDE_IN_FRAMEWORK_HEADER = YES;
				CLANG_WARN_RANGE_LOOP_ANALYSIS = YES;
				CLANG_WARN_STRICT_PROTOTYPES = YES;
				CLANG_WARN_SUSPICIOUS_MOVE = YES;
				CLANG_WARN_UNGUARDED_AVAILABILITY = YES_AGGRESSIVE;
				CLANG_WARN_UNREACHABLE_CODE = YES;
				CLANG_WARN__DUPLICATE_METHOD_MATCH = YES;
				COPY_PHASE_STRIP = NO;
				DEBUG_INFORMATION_FORMAT = "dwarf-with-dsym";
				ENABLE_NS_ASSERTIONS = NO;
				ENABLE_STRICT_OBJC_MSGSEND = YES;
				ENABLE_USER_SCRIPT_SANDBOXING = YES;
				GCC_C_LANGUAGE_STANDARD = gnu17;
				GCC_NO_COMMON_BLOCKS = YES;
				GCC_WARN_64_TO_32_BIT_CONVERSION = YES;
				GCC_WARN_ABOUT_RETURN_TYPE = YES_ERROR;
				GCC_WARN_UNDECLARED_SELECTOR = YES;
				GCC_WARN_UNINITIALIZED_AUTOS = YES_AGGRESSIVE;
				GCC_WARN_UNUSED_FUNCTION = YES;
				GCC_WARN_UNUSED_VARIABLE = YES;
				LOCALIZATION_PREFERS_STRING_CATALOGS = YES;
				MTL_ENABLE_DEBUG_INFO = NO;
				MTL_FAST_MATH = YES;
				SWIFT_COMPILATION_MODE = wholemodule;
			};
			name = Release;
		};
		481785D32CB8192000010429 /* Debug */ = {
			isa = XCBuildConfiguration;
			buildSettings = {
				ASSETCATALOG_COMPILER_APPICON_NAME = AppIcon;
				ASSETCATALOG_COMPILER_GLOBAL_ACCENT_COLOR_NAME = AccentColor;
				CODE_SIGN_ENTITLEMENTS = WeatherAndStories/WeatherAndStories.entitlements;
				CODE_SIGN_STYLE = Automatic;
				CURRENT_PROJECT_VERSION = 1;
				DEVELOPMENT_ASSET_PATHS = "\"WeatherAndStories/Preview Content\"";
				DEVELOPMENT_TEAM = JMPQ5Y92CP;
				ENABLE_HARDENED_RUNTIME = YES;
				ENABLE_PREVIEWS = YES;
				GENERATE_INFOPLIST_FILE = YES;
				INFOPLIST_KEY_NSLocationAlwaysAndWhenInUseUsageDescription = "This app requires access to your location to display current weather conditions.";
				INFOPLIST_KEY_NSLocationAlwaysUsageDescription = "This app requires access to your location to display current weather conditions.";
				INFOPLIST_KEY_NSLocationUsageDescription = "This app requires access to your location to display current weather conditions.";
				INFOPLIST_KEY_NSLocationWhenInUseUsageDescription = "This app requires access to your location to display current weather conditions.";
				"INFOPLIST_KEY_UIApplicationSceneManifest_Generation[sdk=iphoneos*]" = YES;
				"INFOPLIST_KEY_UIApplicationSceneManifest_Generation[sdk=iphonesimulator*]" = YES;
				"INFOPLIST_KEY_UIApplicationSupportsIndirectInputEvents[sdk=iphoneos*]" = YES;
				"INFOPLIST_KEY_UIApplicationSupportsIndirectInputEvents[sdk=iphonesimulator*]" = YES;
				"INFOPLIST_KEY_UILaunchScreen_Generation[sdk=iphoneos*]" = YES;
				"INFOPLIST_KEY_UILaunchScreen_Generation[sdk=iphonesimulator*]" = YES;
				"INFOPLIST_KEY_UIStatusBarStyle[sdk=iphoneos*]" = UIStatusBarStyleDefault;
				"INFOPLIST_KEY_UIStatusBarStyle[sdk=iphonesimulator*]" = UIStatusBarStyleDefault;
				INFOPLIST_KEY_UISupportedInterfaceOrientations_iPad = "UIInterfaceOrientationPortrait UIInterfaceOrientationPortraitUpsideDown UIInterfaceOrientationLandscapeLeft UIInterfaceOrientationLandscapeRight";
				INFOPLIST_KEY_UISupportedInterfaceOrientations_iPhone = "UIInterfaceOrientationPortrait UIInterfaceOrientationLandscapeLeft UIInterfaceOrientationLandscapeRight";
				IPHONEOS_DEPLOYMENT_TARGET = 17.0;
				LD_RUNPATH_SEARCH_PATHS = "@executable_path/Frameworks";
				"LD_RUNPATH_SEARCH_PATHS[sdk=macosx*]" = "@executable_path/../Frameworks";
				MACOSX_DEPLOYMENT_TARGET = 14.0;
				MARKETING_VERSION = 1.0;
				PRODUCT_BUNDLE_IDENTIFIER = com.jozomostarac.WeatherAndStories;
				PRODUCT_NAME = "$(TARGET_NAME)";
				SDKROOT = auto;
				SUPPORTED_PLATFORMS = "iphoneos iphonesimulator macosx";
				SWIFT_EMIT_LOC_STRINGS = YES;
				SWIFT_VERSION = 5.0;
				TARGETED_DEVICE_FAMILY = "1,2";
			};
			name = Debug;
		};
		481785D42CB8192000010429 /* Release */ = {
			isa = XCBuildConfiguration;
			buildSettings = {
				ASSETCATALOG_COMPILER_APPICON_NAME = AppIcon;
				ASSETCATALOG_COMPILER_GLOBAL_ACCENT_COLOR_NAME = AccentColor;
				CODE_SIGN_ENTITLEMENTS = WeatherAndStories/WeatherAndStories.entitlements;
				CODE_SIGN_STYLE = Automatic;
				CURRENT_PROJECT_VERSION = 1;
				DEVELOPMENT_ASSET_PATHS = "\"WeatherAndStories/Preview Content\"";
				DEVELOPMENT_TEAM = JMPQ5Y92CP;
				ENABLE_HARDENED_RUNTIME = YES;
				ENABLE_PREVIEWS = YES;
				GENERATE_INFOPLIST_FILE = YES;
				INFOPLIST_KEY_NSLocationAlwaysAndWhenInUseUsageDescription = "This app requires access to your location to display current weather conditions.";
				INFOPLIST_KEY_NSLocationAlwaysUsageDescription = "This app requires access to your location to display current weather conditions.";
				INFOPLIST_KEY_NSLocationUsageDescription = "This app requires access to your location to display current weather conditions.";
				INFOPLIST_KEY_NSLocationWhenInUseUsageDescription = "This app requires access to your location to display current weather conditions.";
				"INFOPLIST_KEY_UIApplicationSceneManifest_Generation[sdk=iphoneos*]" = YES;
				"INFOPLIST_KEY_UIApplicationSceneManifest_Generation[sdk=iphonesimulator*]" = YES;
				"INFOPLIST_KEY_UIApplicationSupportsIndirectInputEvents[sdk=iphoneos*]" = YES;
				"INFOPLIST_KEY_UIApplicationSupportsIndirectInputEvents[sdk=iphonesimulator*]" = YES;
				"INFOPLIST_KEY_UILaunchScreen_Generation[sdk=iphoneos*]" = YES;
				"INFOPLIST_KEY_UILaunchScreen_Generation[sdk=iphonesimulator*]" = YES;
				"INFOPLIST_KEY_UIStatusBarStyle[sdk=iphoneos*]" = UIStatusBarStyleDefault;
				"INFOPLIST_KEY_UIStatusBarStyle[sdk=iphonesimulator*]" = UIStatusBarStyleDefault;
				INFOPLIST_KEY_UISupportedInterfaceOrientations_iPad = "UIInterfaceOrientationPortrait UIInterfaceOrientationPortraitUpsideDown UIInterfaceOrientationLandscapeLeft UIInterfaceOrientationLandscapeRight";
				INFOPLIST_KEY_UISupportedInterfaceOrientations_iPhone = "UIInterfaceOrientationPortrait UIInterfaceOrientationLandscapeLeft UIInterfaceOrientationLandscapeRight";
				IPHONEOS_DEPLOYMENT_TARGET = 17.0;
				LD_RUNPATH_SEARCH_PATHS = "@executable_path/Frameworks";
				"LD_RUNPATH_SEARCH_PATHS[sdk=macosx*]" = "@executable_path/../Frameworks";
				MACOSX_DEPLOYMENT_TARGET = 14.0;
				MARKETING_VERSION = 1.0;
				PRODUCT_BUNDLE_IDENTIFIER = com.jozomostarac.WeatherAndStories;
				PRODUCT_NAME = "$(TARGET_NAME)";
				SDKROOT = auto;
				SUPPORTED_PLATFORMS = "iphoneos iphonesimulator macosx";
				SWIFT_EMIT_LOC_STRINGS = YES;
				SWIFT_VERSION = 5.0;
				TARGETED_DEVICE_FAMILY = "1,2";
			};
			name = Release;
		};
		481785D62CB8192000010429 /* Debug */ = {
			isa = XCBuildConfiguration;
			buildSettings = {
				ALWAYS_EMBED_SWIFT_STANDARD_LIBRARIES = YES;
				BUNDLE_LOADER = "$(TEST_HOST)";
				CODE_SIGN_STYLE = Automatic;
				CURRENT_PROJECT_VERSION = 1;
				DEVELOPMENT_TEAM = JMPQ5Y92CP;
				GENERATE_INFOPLIST_FILE = YES;
				IPHONEOS_DEPLOYMENT_TARGET = 17.0;
				MACOSX_DEPLOYMENT_TARGET = 14.0;
				MARKETING_VERSION = 1.0;
				PRODUCT_BUNDLE_IDENTIFIER = com.jozomostarac.WeatherAndStoriesTests;
				PRODUCT_NAME = "$(TARGET_NAME)";
				SDKROOT = auto;
				SUPPORTED_PLATFORMS = "iphoneos iphonesimulator macosx";
				SWIFT_EMIT_LOC_STRINGS = NO;
				SWIFT_VERSION = 5.0;
				TARGETED_DEVICE_FAMILY = "1,2";
				TEST_HOST = "$(BUILT_PRODUCTS_DIR)/WeatherAndStories.app/$(BUNDLE_EXECUTABLE_FOLDER_PATH)/WeatherAndStories";
			};
			name = Debug;
		};
		481785D72CB8192000010429 /* Release */ = {
			isa = XCBuildConfiguration;
			buildSettings = {
				ALWAYS_EMBED_SWIFT_STANDARD_LIBRARIES = YES;
				BUNDLE_LOADER = "$(TEST_HOST)";
				CODE_SIGN_STYLE = Automatic;
				CURRENT_PROJECT_VERSION = 1;
				DEVELOPMENT_TEAM = JMPQ5Y92CP;
				GENERATE_INFOPLIST_FILE = YES;
				IPHONEOS_DEPLOYMENT_TARGET = 17.0;
				MACOSX_DEPLOYMENT_TARGET = 14.0;
				MARKETING_VERSION = 1.0;
				PRODUCT_BUNDLE_IDENTIFIER = com.jozomostarac.WeatherAndStoriesTests;
				PRODUCT_NAME = "$(TARGET_NAME)";
				SDKROOT = auto;
				SUPPORTED_PLATFORMS = "iphoneos iphonesimulator macosx";
				SWIFT_EMIT_LOC_STRINGS = NO;
				SWIFT_VERSION = 5.0;
				TARGETED_DEVICE_FAMILY = "1,2";
				TEST_HOST = "$(BUILT_PRODUCTS_DIR)/WeatherAndStories.app/$(BUNDLE_EXECUTABLE_FOLDER_PATH)/WeatherAndStories";
			};
			name = Release;
		};
		481785D92CB8192000010429 /* Debug */ = {
			isa = XCBuildConfiguration;
			buildSettings = {
				ALWAYS_EMBED_SWIFT_STANDARD_LIBRARIES = YES;
				CODE_SIGN_STYLE = Automatic;
				CURRENT_PROJECT_VERSION = 1;
				DEVELOPMENT_TEAM = JMPQ5Y92CP;
				GENERATE_INFOPLIST_FILE = YES;
				IPHONEOS_DEPLOYMENT_TARGET = 17.0;
				MACOSX_DEPLOYMENT_TARGET = 14.0;
				MARKETING_VERSION = 1.0;
				PRODUCT_BUNDLE_IDENTIFIER = com.jozomostarac.WeatherAndStoriesUITests;
				PRODUCT_NAME = "$(TARGET_NAME)";
				SDKROOT = auto;
				SUPPORTED_PLATFORMS = "iphoneos iphonesimulator macosx";
				SWIFT_EMIT_LOC_STRINGS = NO;
				SWIFT_VERSION = 5.0;
				TARGETED_DEVICE_FAMILY = "1,2";
				TEST_TARGET_NAME = WeatherAndStories;
			};
			name = Debug;
		};
		481785DA2CB8192000010429 /* Release */ = {
			isa = XCBuildConfiguration;
			buildSettings = {
				ALWAYS_EMBED_SWIFT_STANDARD_LIBRARIES = YES;
				CODE_SIGN_STYLE = Automatic;
				CURRENT_PROJECT_VERSION = 1;
				DEVELOPMENT_TEAM = JMPQ5Y92CP;
				GENERATE_INFOPLIST_FILE = YES;
				IPHONEOS_DEPLOYMENT_TARGET = 17.0;
				MACOSX_DEPLOYMENT_TARGET = 14.0;
				MARKETING_VERSION = 1.0;
				PRODUCT_BUNDLE_IDENTIFIER = com.jozomostarac.WeatherAndStoriesUITests;
				PRODUCT_NAME = "$(TARGET_NAME)";
				SDKROOT = auto;
				SUPPORTED_PLATFORMS = "iphoneos iphonesimulator macosx";
				SWIFT_EMIT_LOC_STRINGS = NO;
				SWIFT_VERSION = 5.0;
				TARGETED_DEVICE_FAMILY = "1,2";
				TEST_TARGET_NAME = WeatherAndStories;
			};
			name = Release;
		};
/* End XCBuildConfiguration section */

/* Begin XCConfigurationList section */
		481785A82CB8191E00010429 /* Build configuration list for PBXProject "WeatherAndStories" */ = {
			isa = XCConfigurationList;
			buildConfigurations = (
				481785D02CB8192000010429 /* Debug */,
				481785D12CB8192000010429 /* Release */,
			);
			defaultConfigurationIsVisible = 0;
			defaultConfigurationName = Release;
		};
		481785D22CB8192000010429 /* Build configuration list for PBXNativeTarget "WeatherAndStories" */ = {
			isa = XCConfigurationList;
			buildConfigurations = (
				481785D32CB8192000010429 /* Debug */,
				481785D42CB8192000010429 /* Release */,
			);
			defaultConfigurationIsVisible = 0;
			defaultConfigurationName = Release;
		};
		481785D52CB8192000010429 /* Build configuration list for PBXNativeTarget "WeatherAndStoriesTests" */ = {
			isa = XCConfigurationList;
			buildConfigurations = (
				481785D62CB8192000010429 /* Debug */,
				481785D72CB8192000010429 /* Release */,
			);
			defaultConfigurationIsVisible = 0;
			defaultConfigurationName = Release;
		};
		481785D82CB8192000010429 /* Build configuration list for PBXNativeTarget "WeatherAndStoriesUITests" */ = {
			isa = XCConfigurationList;
			buildConfigurations = (
				481785D92CB8192000010429 /* Debug */,
				481785DA2CB8192000010429 /* Release */,
			);
			defaultConfigurationIsVisible = 0;
			defaultConfigurationName = Release;
		};
/* End XCConfigurationList section */

/* Begin XCRemoteSwiftPackageReference section */
		481B3A2D2CB81C34004F030F /* XCRemoteSwiftPackageReference "swift-composable-architecture" */ = {
			isa = XCRemoteSwiftPackageReference;
			repositoryURL = "https://github.com/pointfreeco/swift-composable-architecture";
			requirement = {
				kind = upToNextMajorVersion;
				minimumVersion = 1.15.0;
			};
		};
/* End XCRemoteSwiftPackageReference section */

/* Begin XCSwiftPackageProductDependency section */
		481B3A2E2CB81C34004F030F /* ComposableArchitecture */ = {
			isa = XCSwiftPackageProductDependency;
			package = 481B3A2D2CB81C34004F030F /* XCRemoteSwiftPackageReference "swift-composable-architecture" */;
			productName = ComposableArchitecture;
		};
/* End XCSwiftPackageProductDependency section */
	};
	rootObject = 481785A52CB8191E00010429 /* Project object */;
}
